Microsoft Visual Studio Solution File, Format Version 12.00
# Visual Studio Version 17
VisualStudioVersion = 17.5.2.0
MinimumVisualStudioVersion = 10.0.40219.1
Project("{FAE04EC0-301F-11D3-BF4B-00C04F79EFBC}") = "FCJ_Proposal_Back", "Service\FCJ_Proposal_Back.csproj", "{B2100F6C-F37F-6C38-9CDA-66288D05DB7E}"
EndProject
Global
	GlobalSection(SolutionConfigurationPlatforms) = preSolution
		Debug|Any CPU = Debug|Any CPU
		Release|Any CPU = Release|Any CPU
	EndGlobalSection
	GlobalSection(ProjectConfigurationPlatforms) = postSolution
		{B2100F6C-F37F-6C38-9CDA-66288D05DB7E}.Debug|Any CPU.ActiveCfg = Debug|Any CPU
		{B2100F6C-F37F-6C38-9CDA-66288D05DB7E}.Debug|Any CPU.Build.0 = Debug|Any CPU
		{B2100F6C-F37F-6C38-9CDA-66288D05DB7E}.Release|Any CPU.ActiveCfg = Release|Any CPU
		{B2100F6C-F37F-6C38-9CDA-66288D05DB7E}.Release|Any CPU.Build.0 = Release|Any CPU
	EndGlobalSection
	GlobalSection(SolutionProperties) = preSolution
		HideSolutionNode = FALSE
	EndGlobalSection
	GlobalSection(ExtensibilityGlobals) = postSolution
		SolutionGuid = {378827E1-5888-4916-91D4-BC1F6D9A4956}
	EndGlobalSection
EndGlobal
